// !$*UTF8*$!
{
	archiveVersion = 1;
	classes = {
	};
	objectVersion = 55;
	objects = {

/* Begin PBXBuildFile section */
		F1C8504C283D0A17006870CB /* AppDelegate.swift in Sources */ = {isa = PBXBuildFile; fileRef = F1C8504B283D0A17006870CB /* AppDelegate.swift */; };
		F1C8504E283D0A17006870CB /* SceneDelegate.swift in Sources */ = {isa = PBXBuildFile; fileRef = F1C8504D283D0A17006870CB /* SceneDelegate.swift */; };
		F1C85050283D0A17006870CB /* ViewController.swift in Sources */ = {isa = PBXBuildFile; fileRef = F1C8504F283D0A17006870CB /* ViewController.swift */; };
		F1C85053283D0A17006870CB /* Main.storyboard in Resources */ = {isa = PBXBuildFile; fileRef = F1C85051283D0A17006870CB /* Main.storyboard */; };
		F1C85055283D0A19006870CB /* Assets.xcassets in Resources */ = {isa = PBXBuildFile; fileRef = F1C85054283D0A19006870CB /* Assets.xcassets */; };
		F1C85058283D0A19006870CB /* LaunchScreen.storyboard in Resources */ = {isa = PBXBuildFile; fileRef = F1C85056283D0A19006870CB /* LaunchScreen.storyboard */; };
		F1CAC143285DE843002F3A63 /* WidgetKit.framework in Frameworks */ = {isa = PBXBuildFile; fileRef = F1CAC142285DE843002F3A63 /* WidgetKit.framework */; };
		F1CAC145285DE843002F3A63 /* SwiftUI.framework in Frameworks */ = {isa = PBXBuildFile; fileRef = F1CAC144285DE843002F3A63 /* SwiftUI.framework */; };
		F1CAC148285DE843002F3A63 /* _00widget.swift in Sources */ = {isa = PBXBuildFile; fileRef = F1CAC147285DE843002F3A63 /* _00widget.swift */; };
		F1CAC14A285DE846002F3A63 /* Assets.xcassets in Resources */ = {isa = PBXBuildFile; fileRef = F1CAC149285DE846002F3A63 /* Assets.xcassets */; };
		F1CAC14E285DE846002F3A63 /* 100widgetExtension.appex in Embed App Extensions */ = {isa = PBXBuildFile; fileRef = F1CAC140285DE843002F3A63 /* 100widgetExtension.appex */; settings = {ATTRIBUTES = (RemoveHeadersOnCopy, ); }; };
/* End PBXBuildFile section */

/* Begin PBXContainerItemProxy section */
		F1CAC14C285DE846002F3A63 /* PBXContainerItemProxy */ = {
			isa = PBXContainerItemProxy;
			containerPortal = F1C85040283D0A17006870CB /* Project object */;
			proxyType = 1;
			remoteGlobalIDString = F1CAC13F285DE843002F3A63;
			remoteInfo = 100widgetExtension;
		};
/* End PBXContainerItemProxy section */

/* Begin PBXCopyFilesBuildPhase section */
		F1CAC14F285DE846002F3A63 /* Embed App Extensions */ = {
			isa = PBXCopyFilesBuildPhase;
			buildActionMask = 2147483647;
			dstPath = "";
			dstSubfolderSpec = 13;
			files = (
				F1CAC14E285DE846002F3A63 /* 100widgetExtension.appex in Embed App Extensions */,
			);
			name = "Embed App Extensions";
			runOnlyForDeploymentPostprocessing = 0;
		};
/* End PBXCopyFilesBuildPhase section */

/* Begin PBXFileReference section */
		F1C85048283D0A17006870CB /* 100hours_challenge.app */ = {isa = PBXFileReference; explicitFileType = wrapper.application; includeInIndex = 0; path = 100hours_challenge.app; sourceTree = BUILT_PRODUCTS_DIR; };
		F1C8504B283D0A17006870CB /* AppDelegate.swift */ = {isa = PBXFileReference; lastKnownFileType = sourcecode.swift; path = AppDelegate.swift; sourceTree = "<group>"; };
		F1C8504D283D0A17006870CB /* SceneDelegate.swift */ = {isa = PBXFileReference; lastKnownFileType = sourcecode.swift; path = SceneDelegate.swift; sourceTree = "<group>"; };
		F1C8504F283D0A17006870CB /* ViewController.swift */ = {isa = PBXFileReference; lastKnownFileType = sourcecode.swift; path = ViewController.swift; sourceTree = "<group>"; };
		F1C85052283D0A17006870CB /* Base */ = {isa = PBXFileReference; lastKnownFileType = file.storyboard; name = Base; path = Base.lproj/Main.storyboard; sourceTree = "<group>"; };
		F1C85054283D0A19006870CB /* Assets.xcassets */ = {isa = PBXFileReference; lastKnownFileType = folder.assetcatalog; path = Assets.xcassets; sourceTree = "<group>"; };
		F1C85057283D0A19006870CB /* Base */ = {isa = PBXFileReference; lastKnownFileType = file.storyboard; name = Base; path = Base.lproj/LaunchScreen.storyboard; sourceTree = "<group>"; };
		F1C85059283D0A19006870CB /* Info.plist */ = {isa = PBXFileReference; lastKnownFileType = text.plist.xml; path = Info.plist; sourceTree = "<group>"; };
		F1CAC140285DE843002F3A63 /* 100widgetExtension.appex */ = {isa = PBXFileReference; explicitFileType = "wrapper.app-extension"; includeInIndex = 0; path = 100widgetExtension.appex; sourceTree = BUILT_PRODUCTS_DIR; };
		F1CAC142285DE843002F3A63 /* WidgetKit.framework */ = {isa = PBXFileReference; lastKnownFileType = wrapper.framework; name = WidgetKit.framework; path = System/Library/Frameworks/WidgetKit.framework; sourceTree = SDKROOT; };
		F1CAC144285DE843002F3A63 /* SwiftUI.framework */ = {isa = PBXFileReference; lastKnownFileType = wrapper.framework; name = SwiftUI.framework; path = System/Library/Frameworks/SwiftUI.framework; sourceTree = SDKROOT; };
		F1CAC147285DE843002F3A63 /* _00widget.swift */ = {isa = PBXFileReference; lastKnownFileType = sourcecode.swift; path = _00widget.swift; sourceTree = "<group>"; };
		F1CAC149285DE846002F3A63 /* Assets.xcassets */ = {isa = PBXFileReference; lastKnownFileType = folder.assetcatalog; path = Assets.xcassets; sourceTree = "<group>"; };
		F1CAC14B285DE846002F3A63 /* Info.plist */ = {isa = PBXFileReference; lastKnownFileType = text.plist.xml; path = Info.plist; sourceTree = "<group>"; };
/* End PBXFileReference section */

/* Begin PBXFrameworksBuildPhase section */
		F1C85045283D0A17006870CB /* Frameworks */ = {
			isa = PBXFrameworksBuildPhase;
			buildActionMask = 2147483647;
			files = (
			);
			runOnlyForDeploymentPostprocessing = 0;
		};
		F1CAC13D285DE843002F3A63 /* Frameworks */ = {
			isa = PBXFrameworksBuildPhase;
			buildActionMask = 2147483647;
			files = (
				F1CAC145285DE843002F3A63 /* SwiftUI.framework in Frameworks */,
				F1CAC143285DE843002F3A63 /* WidgetKit.framework in Frameworks */,
			);
			runOnlyForDeploymentPostprocessing = 0;
		};
/* End PBXFrameworksBuildPhase section */

/* Begin PBXGroup section */
		F1C8503F283D0A17006870CB = {
			isa = PBXGroup;
			children = (
				F1C8504A283D0A17006870CB /* 100hours_challenge */,
				F1CAC146285DE843002F3A63 /* 100widget */,
				F1CAC141285DE843002F3A63 /* Frameworks */,
				F1C85049283D0A17006870CB /* Products */,
			);
			sourceTree = "<group>";
		};
		F1C85049283D0A17006870CB /* Products */ = {
			isa = PBXGroup;
			children = (
				F1C85048283D0A17006870CB /* 100hours_challenge.app */,
				F1CAC140285DE843002F3A63 /* 100widgetExtension.appex */,
			);
			name = Products;
			sourceTree = "<group>";
		};
		F1C8504A283D0A17006870CB /* 100hours_challenge */ = {
			isa = PBXGroup;
			children = (
				F1C8504B283D0A17006870CB /* AppDelegate.swift */,
				F1C8504D283D0A17006870CB /* SceneDelegate.swift */,
				F1C8504F283D0A17006870CB /* ViewController.swift */,
				F1C85051283D0A17006870CB /* Main.storyboard */,
				F1C85054283D0A19006870CB /* Assets.xcassets */,
				F1C85056283D0A19006870CB /* LaunchScreen.storyboard */,
				F1C85059283D0A19006870CB /* Info.plist */,
			);
			path = 100hours_challenge;
			sourceTree = "<group>";
		};
		F1CAC141285DE843002F3A63 /* Frameworks */ = {
			isa = PBXGroup;
			children = (
				F1CAC142285DE843002F3A63 /* WidgetKit.framework */,
				F1CAC144285DE843002F3A63 /* SwiftUI.framework */,
			);
			name = Frameworks;
			sourceTree = "<group>";
		};
		F1CAC146285DE843002F3A63 /* 100widget */ = {
			isa = PBXGroup;
			children = (
				F1CAC147285DE843002F3A63 /* _00widget.swift */,
				F1CAC149285DE846002F3A63 /* Assets.xcassets */,
				F1CAC14B285DE846002F3A63 /* Info.plist */,
			);
			path = 100widget;
			sourceTree = "<group>";
		};
/* End PBXGroup section */

/* Begin PBXNativeTarget section */
		F1C85047283D0A17006870CB /* 100hours_challenge */ = {
			isa = PBXNativeTarget;
			buildConfigurationList = F1C8505C283D0A19006870CB /* Build configuration list for PBXNativeTarget "100hours_challenge" */;
			buildPhases = (
				F1C85044283D0A17006870CB /* Sources */,
				F1C85045283D0A17006870CB /* Frameworks */,
				F1C85046283D0A17006870CB /* Resources */,
				F1CAC14F285DE846002F3A63 /* Embed App Extensions */,
			);
			buildRules = (
			);
			dependencies = (
				F1CAC14D285DE846002F3A63 /* PBXTargetDependency */,
			);
			name = 100hours_challenge;
			productName = 100hours_challenge;
			productReference = F1C85048283D0A17006870CB /* 100hours_challenge.app */;
			productType = "com.apple.product-type.application";
		};
		F1CAC13F285DE843002F3A63 /* 100widgetExtension */ = {
			isa = PBXNativeTarget;
			buildConfigurationList = F1CAC152285DE846002F3A63 /* Build configuration list for PBXNativeTarget "100widgetExtension" */;
			buildPhases = (
				F1CAC13C285DE843002F3A63 /* Sources */,
				F1CAC13D285DE843002F3A63 /* Frameworks */,
				F1CAC13E285DE843002F3A63 /* Resources */,
			);
			buildRules = (
			);
			dependencies = (
			);
			name = 100widgetExtension;
			productName = 100widgetExtension;
			productReference = F1CAC140285DE843002F3A63 /* 100widgetExtension.appex */;
			productType = "com.apple.product-type.app-extension";
		};
/* End PBXNativeTarget section */

/* Begin PBXProject section */
		F1C85040283D0A17006870CB /* Project object */ = {
			isa = PBXProject;
			attributes = {
				BuildIndependentTargetsInParallel = 1;
				LastSwiftUpdateCheck = 1320;
				LastUpgradeCheck = 1320;
				TargetAttributes = {
					F1C85047283D0A17006870CB = {
						CreatedOnToolsVersion = 13.2.1;
					};
					F1CAC13F285DE843002F3A63 = {
						CreatedOnToolsVersion = 13.2.1;
					};
				};
			};
			buildConfigurationList = F1C85043283D0A17006870CB /* Build configuration list for PBXProject "100hours_challenge" */;
			compatibilityVersion = "Xcode 13.0";
			developmentRegion = en;
			hasScannedForEncodings = 0;
			knownRegions = (
				en,
				Base,
			);
			mainGroup = F1C8503F283D0A17006870CB;
			productRefGroup = F1C85049283D0A17006870CB /* Products */;
			projectDirPath = "";
			projectRoot = "";
			targets = (
				F1C85047283D0A17006870CB /* 100hours_challenge */,
				F1CAC13F285DE843002F3A63 /* 100widgetExtension */,
			);
		};
/* End PBXProject section */

/* Begin PBXResourcesBuildPhase section */
		F1C85046283D0A17006870CB /* Resources */ = {
			isa = PBXResourcesBuildPhase;
			buildActionMask = 2147483647;
			files = (
				F1C85058283D0A19006870CB /* LaunchScreen.storyboard in Resources */,
				F1C85055283D0A19006870CB /* Assets.xcassets in Resources */,
				F1C85053283D0A17006870CB /* Main.storyboard in Resources */,
			);
			runOnlyForDeploymentPostprocessing = 0;
		};
		F1CAC13E285DE843002F3A63 /* Resources */ = {
			isa = PBXResourcesBuildPhase;
			buildActionMask = 2147483647;
			files = (
				F1CAC14A285DE846002F3A63 /* Assets.xcassets in Resources */,
			);
			runOnlyForDeploymentPostprocessing = 0;
		};
/* End PBXResourcesBuildPhase section */

/* Begin PBXSourcesBuildPhase section */
		F1C85044283D0A17006870CB /* Sources */ = {
			isa = PBXSourcesBuildPhase;
			buildActionMask = 2147483647;
			files = (
				F1C85050283D0A17006870CB /* ViewController.swift in Sources */,
				F1C8504C283D0A17006870CB /* AppDelegate.swift in Sources */,
				F1C8504E283D0A17006870CB /* SceneDelegate.swift in Sources */,
			);
			runOnlyForDeploymentPostprocessing = 0;
		};
		F1CAC13C285DE843002F3A63 /* Sources */ = {
			isa = PBXSourcesBuildPhase;
			buildActionMask = 2147483647;
			files = (
				F1CAC148285DE843002F3A63 /* _00widget.swift in Sources */,
			);
			runOnlyForDeploymentPostprocessing = 0;
		};
/* End PBXSourcesBuildPhase section */

/* Begin PBXTargetDependency section */
		F1CAC14D285DE846002F3A63 /* PBXTargetDependency */ = {
			isa = PBXTargetDependency;
			target = F1CAC13F285DE843002F3A63 /* 100widgetExtension */;
			targetProxy = F1CAC14C285DE846002F3A63 /* PBXContainerItemProxy */;
		};
/* End PBXTargetDependency section */

/* Begin PBXVariantGroup section */
		F1C85051283D0A17006870CB /* Main.storyboard */ = {
			isa = PBXVariantGroup;
			children = (
				F1C85052283D0A17006870CB /* Base */,
			);
			name = Main.storyboard;
			sourceTree = "<group>";
		};
		F1C85056283D0A19006870CB /* LaunchScreen.storyboard */ = {
			isa = PBXVariantGroup;
			children = (
				F1C85057283D0A19006870CB /* Base */,
			);
			name = LaunchScreen.storyboard;
			sourceTree = "<group>";
		};
/* End PBXVariantGroup section */

/* Begin XCBuildConfiguration section */
		F1C8505A283D0A19006870CB /* Debug */ = {
			isa = XCBuildConfiguration;
			buildSettings = {
				ALWAYS_SEARCH_USER_PATHS = NO;
				CLANG_ANALYZER_NONNULL = YES;
				CLANG_ANALYZER_NUMBER_OBJECT_CONVERSION = YES_AGGRESSIVE;
				CLANG_CXX_LANGUAGE_STANDARD = "gnu++17";
				CLANG_CXX_LIBRARY = "libc++";
				CLANG_ENABLE_MODULES = YES;
				CLANG_ENABLE_OBJC_ARC = YES;
				CLANG_ENABLE_OBJC_WEAK = YES;
				CLANG_WARN_BLOCK_CAPTURE_AUTORELEASING = YES;
				CLANG_WARN_BOOL_CONVERSION = YES;
				CLANG_WARN_COMMA = YES;
				CLANG_WARN_CONSTANT_CONVERSION = YES;
				CLANG_WARN_DEPRECATED_OBJC_IMPLEMENTATIONS = YES;
				CLANG_WARN_DIRECT_OBJC_ISA_USAGE = YES_ERROR;
				CLANG_WARN_DOCUMENTATION_COMMENTS = YES;
				CLANG_WARN_EMPTY_BODY = YES;
				CLANG_WARN_ENUM_CONVERSION = YES;
				CLANG_WARN_INFINITE_RECURSION = YES;
				CLANG_WARN_INT_CONVERSION = YES;
				CLANG_WARN_NON_LITERAL_NULL_CONVERSION = YES;
				CLANG_WARN_OBJC_IMPLICIT_RETAIN_SELF = YES;
				CLANG_WARN_OBJC_LITERAL_CONVERSION = YES;
				CLANG_WARN_OBJC_ROOT_CLASS = YES_ERROR;
				CLANG_WARN_QUOTED_INCLUDE_IN_FRAMEWORK_HEADER = YES;
				CLANG_WARN_RANGE_LOOP_ANALYSIS = YES;
				CLANG_WARN_STRICT_PROTOTYPES = YES;
				CLANG_WARN_SUSPICIOUS_MOVE = YES;
				CLANG_WARN_UNGUARDED_AVAILABILITY = YES_AGGRESSIVE;
				CLANG_WARN_UNREACHABLE_CODE = YES;
				CLANG_WARN__DUPLICATE_METHOD_MATCH = YES;
				COPY_PHASE_STRIP = NO;
				DEBUG_INFORMATION_FORMAT = dwarf;
				ENABLE_STRICT_OBJC_MSGSEND = YES;
				ENABLE_TESTABILITY = YES;
				GCC_C_LANGUAGE_STANDARD = gnu11;
				GCC_DYNAMIC_NO_PIC = NO;
				GCC_NO_COMMON_BLOCKS = YES;
				GCC_OPTIMIZATION_LEVEL = 0;
				GCC_PREPROCESSOR_DEFINITIONS = (
					"DEBUG=1",
					"$(inherited)",
				);
				GCC_WARN_64_TO_32_BIT_CONVERSION = YES;
				GCC_WARN_ABOUT_RETURN_TYPE = YES_ERROR;
				GCC_WARN_UNDECLARED_SELECTOR = YES;
				GCC_WARN_UNINITIALIZED_AUTOS = YES_AGGRESSIVE;
				GCC_WARN_UNUSED_FUNCTION = YES;
				GCC_WARN_UNUSED_VARIABLE = YES;
				IPHONEOS_DEPLOYMENT_TARGET = 15.2;
				MTL_ENABLE_DEBUG_INFO = INCLUDE_SOURCE;
				MTL_FAST_MATH = YES;
				ONLY_ACTIVE_ARCH = YES;
				SDKROOT = iphoneos;
				SWIFT_ACTIVE_COMPILATION_CONDITIONS = DEBUG;
				SWIFT_OPTIMIZATION_LEVEL = "-Onone";
			};
			name = Debug;
		};
		F1C8505B283D0A19006870CB /* Release */ = {
			isa = XCBuildConfiguration;
			buildSettings = {
				ALWAYS_SEARCH_USER_PATHS = NO;
				CLANG_ANALYZER_NONNULL = YES;
				CLANG_ANALYZER_NUMBER_OBJECT_CONVERSION = YES_AGGRESSIVE;
				CLANG_CXX_LANGUAGE_STANDARD = "gnu++17";
				CLANG_CXX_LIBRARY = "libc++";
				CLANG_ENABLE_MODULES = YES;
				CLANG_ENABLE_OBJC_ARC = YES;
				CLANG_ENABLE_OBJC_WEAK = YES;
				CLANG_WARN_BLOCK_CAPTURE_AUTORELEASING = YES;
				CLANG_WARN_BOOL_CONVERSION = YES;
				CLANG_WARN_COMMA = YES;
				CLANG_WARN_CONSTANT_CONVERSION = YES;
				CLANG_WARN_DEPRECATED_OBJC_IMPLEMENTATIONS = YES;
				CLANG_WARN_DIRECT_OBJC_ISA_USAGE = YES_ERROR;
				CLANG_WARN_DOCUMENTATION_COMMENTS = YES;
				CLANG_WARN_EMPTY_BODY = YES;
				CLANG_WARN_ENUM_CONVERSION = YES;
				CLANG_WARN_INFINITE_RECURSION = YES;
				CLANG_WARN_INT_CONVERSION = YES;
				CLANG_WARN_NON_LITERAL_NULL_CONVERSION = YES;
				CLANG_WARN_OBJC_IMPLICIT_RETAIN_SELF = YES;
				CLANG_WARN_OBJC_LITERAL_CONVERSION = YES;
				CLANG_WARN_OBJC_ROOT_CLASS = YES_ERROR;
				CLANG_WARN_QUOTED_INCLUDE_IN_FRAMEWORK_HEADER = YES;
				CLANG_WARN_RANGE_LOOP_ANALYSIS = YES;
				CLANG_WARN_STRICT_PROTOTYPES = YES;
				CLANG_WARN_SUSPICIOUS_MOVE = YES;
				CLANG_WARN_UNGUARDED_AVAILABILITY = YES_AGGRESSIVE;
				CLANG_WARN_UNREACHABLE_CODE = YES;
				CLANG_WARN__DUPLICATE_METHOD_MATCH = YES;
				COPY_PHASE_STRIP = NO;
				DEBUG_INFORMATION_FORMAT = "dwarf-with-dsym";
				ENABLE_NS_ASSERTIONS = NO;
				ENABLE_STRICT_OBJC_MSGSEND = YES;
				GCC_C_LANGUAGE_STANDARD = gnu11;
				GCC_NO_COMMON_BLOCKS = YES;
				GCC_WARN_64_TO_32_BIT_CONVERSION = YES;
				GCC_WARN_ABOUT_RETURN_TYPE = YES_ERROR;
				GCC_WARN_UNDECLARED_SELECTOR = YES;
				GCC_WARN_UNINITIALIZED_AUTOS = YES_AGGRESSIVE;
				GCC_WARN_UNUSED_FUNCTION = YES;
				GCC_WARN_UNUSED_VARIABLE = YES;
				IPHONEOS_DEPLOYMENT_TARGET = 15.2;
				MTL_ENABLE_DEBUG_INFO = NO;
				MTL_FAST_MATH = YES;
				SDKROOT = iphoneos;
				SWIFT_COMPILATION_MODE = wholemodule;
				SWIFT_OPTIMIZATION_LEVEL = "-O";
				VALIDATE_PRODUCT = YES;
			};
			name = Release;
		};
		F1C8505D283D0A19006870CB /* Debug */ = {
			isa = XCBuildConfiguration;
			buildSettings = {
				ALWAYS_EMBED_SWIFT_STANDARD_LIBRARIES = YES;
				ASSETCATALOG_COMPILER_APPICON_NAME = AppIcon;
				ASSETCATALOG_COMPILER_GLOBAL_ACCENT_COLOR_NAME = AccentColor;
				CODE_SIGN_STYLE = Automatic;
				CURRENT_PROJECT_VERSION = 1;
				DEVELOPMENT_TEAM = TA7VJ3T8W5;
				GENERATE_INFOPLIST_FILE = YES;
				INFOPLIST_FILE = 100hours_challenge/Info.plist;
				INFOPLIST_KEY_UIApplicationSupportsIndirectInputEvents = YES;
				INFOPLIST_KEY_UILaunchStoryboardName = LaunchScreen;
				INFOPLIST_KEY_UIMainStoryboardFile = Main;
				INFOPLIST_KEY_UISupportedInterfaceOrientations_iPad = "UIInterfaceOrientationPortrait UIInterfaceOrientationPortraitUpsideDown UIInterfaceOrientationLandscapeLeft UIInterfaceOrientationLandscapeRight";
				INFOPLIST_KEY_UISupportedInterfaceOrientations_iPhone = "UIInterfaceOrientationPortrait UIInterfaceOrientationLandscapeLeft UIInterfaceOrientationLandscapeRight";
				LD_RUNPATH_SEARCH_PATHS = (
					"$(inherited)",
					"@executable_path/Frameworks",
				);
				MARKETING_VERSION = 1.0;
				PRODUCT_BUNDLE_IDENTIFIER = "com.izumitakuma.-00hours-challenge";
				PRODUCT_NAME = "$(TARGET_NAME)";
				SWIFT_EMIT_LOC_STRINGS = YES;
				SWIFT_VERSION = 5.0;
				TARGETED_DEVICE_FAMILY = "1,2";
			};
			name = Debug;
		};
		F1C8505E283D0A19006870CB /* Release */ = {
			isa = XCBuildConfiguration;
			buildSettings = {
				ALWAYS_EMBED_SWIFT_STANDARD_LIBRARIES = YES;
				ASSETCATALOG_COMPILER_APPICON_NAME = AppIcon;
				ASSETCATALOG_COMPILER_GLOBAL_ACCENT_COLOR_NAME = AccentColor;
				CODE_SIGN_STYLE = Automatic;
				CURRENT_PROJECT_VERSION = 1;
				DEVELOPMENT_TEAM = TA7VJ3T8W5;
				GENERATE_INFOPLIST_FILE = YES;
				INFOPLIST_FILE = 100hours_challenge/Info.plist;
				INFOPLIST_KEY_UIApplicationSupportsIndirectInputEvents = YES;
				INFOPLIST_KEY_UILaunchStoryboardName = LaunchScreen;
				INFOPLIST_KEY_UIMainStoryboardFile = Main;
				INFOPLIST_KEY_UISupportedInterfaceOrientations_iPad = "UIInterfaceOrientationPortrait UIInterfaceOrientationPortraitUpsideDown UIInterfaceOrientationLandscapeLeft UIInterfaceOrientationLandscapeRight";
				INFOPLIST_KEY_UISupportedInterfaceOrientations_iPhone = "UIInterfaceOrientationPortrait UIInterfaceOrientationLandscapeLeft UIInterfaceOrientationLandscapeRight";
				LD_RUNPATH_SEARCH_PATHS = (
					"$(inherited)",
					"@executable_path/Frameworks",
				);
				MARKETING_VERSION = 1.0;
				PRODUCT_BUNDLE_IDENTIFIER = "com.izumitakuma.-00hours-challenge";
				PRODUCT_NAME = "$(TARGET_NAME)";
				SWIFT_EMIT_LOC_STRINGS = YES;
				SWIFT_VERSION = 5.0;
				TARGETED_DEVICE_FAMILY = "1,2";
			};
			name = Release;
		};
		F1CAC150285DE846002F3A63 /* Debug */ = {
			isa = XCBuildConfiguration;
			buildSettings = {
				ASSETCATALOG_COMPILER_GLOBAL_ACCENT_COLOR_NAME = AccentColor;
				ASSETCATALOG_COMPILER_WIDGET_BACKGROUND_COLOR_NAME = WidgetBackground;
				CODE_SIGN_STYLE = Automatic;
				CURRENT_PROJECT_VERSION = 1;
				DEVELOPMENT_TEAM = TA7VJ3T8W5;
				GENERATE_INFOPLIST_FILE = YES;
				INFOPLIST_FILE = 100widget/Info.plist;
				INFOPLIST_KEY_CFBundleDisplayName = 100widget;
				INFOPLIST_KEY_NSHumanReadableCopyright = "";
				LD_RUNPATH_SEARCH_PATHS = (
					"$(inherited)",
					"@executable_path/Frameworks",
					"@executable_path/../../Frameworks",
				);
				MARKETING_VERSION = 1.0;
				PRODUCT_BUNDLE_IDENTIFIER = "com.izumitakuma.-00hours-challenge.-00widget";
				PRODUCT_NAME = "$(TARGET_NAME)";
				SKIP_INSTALL = YES;
				SWIFT_EMIT_LOC_STRINGS = YES;
				SWIFT_VERSION = 5.0;
				TARGETED_DEVICE_FAMILY = "1,2";
			};
			name = Debug;
		};
		F1CAC151285DE846002F3A63 /* Release */ = {
			isa = XCBuildConfiguration;
			buildSettings = {
				ASSETCATALOG_COMPILER_GLOBAL_ACCENT_COLOR_NAME = AccentColor;
				ASSETCATALOG_COMPILER_WIDGET_BACKGROUND_COLOR_NAME = WidgetBackground;
				CODE_SIGN_STYLE = Automatic;
				CURRENT_PROJECT_VERSION = 1;
				DEVELOPMENT_TEAM = TA7VJ3T8W5;
				GENERATE_INFOPLIST_FILE = YES;
				INFOPLIST_FILE = 100widget/Info.plist;
				INFOPLIST_KEY_CFBundleDisplayName = 100widget;
				INFOPLIST_KEY_NSHumanReadableCopyright = "";
				LD_RUNPATH_SEARCH_PATHS = (
					"$(inherited)",
					"@executable_path/Frameworks",
					"@executable_path/../../Frameworks",
				);
				MARKETING_VERSION = 1.0;
				PRODUCT_BUNDLE_IDENTIFIER = "com.izumitakuma.-00hours-challenge.-00widget";
				PRODUCT_NAME = "$(TARGET_NAME)";
				SKIP_INSTALL = YES;
				SWIFT_EMIT_LOC_STRINGS = YES;
				SWIFT_VERSION = 5.0;
				TARGETED_DEVICE_FAMILY = "1,2";
			};
			name = Release;
		};
/* End XCBuildConfiguration section */

/* Begin XCConfigurationList section */
		F1C85043283D0A17006870CB /* Build configuration list for PBXProject "100hours_challenge" */ = {
			isa = XCConfigurationList;
			buildConfigurations = (
				F1C8505A283D0A19006870CB /* Debug */,
				F1C8505B283D0A19006870CB /* Release */,
			);
			defaultConfigurationIsVisible = 0;
			defaultConfigurationName = Release;
		};
		F1C8505C283D0A19006870CB /* Build configuration list for PBXNativeTarget "100hours_challenge" */ = {
			isa = XCConfigurationList;
			buildConfigurations = (
				F1C8505D283D0A19006870CB /* Debug */,
				F1C8505E283D0A19006870CB /* Release */,
			);
			defaultConfigurationIsVisible = 0;
			defaultConfigurationName = Release;
		};
		F1CAC152285DE846002F3A63 /* Build configuration list for PBXNativeTarget "100widgetExtension" */ = {
			isa = XCConfigurationList;
			buildConfigurations = (
				F1CAC150285DE846002F3A63 /* Debug */,
				F1CAC151285DE846002F3A63 /* Release */,
			);
			defaultConfigurationIsVisible = 0;
			defaultConfigurationName = Release;
		};
/* End XCConfigurationList section */
	};
	rootObject = F1C85040283D0A17006870CB /* Project object */;
}
